
Microsoft Visual Studio Solution File, Format Version 12.00
# Visual Studio Version 16
VisualStudioVersion = 16.0.30804.86
MinimumVisualStudioVersion = 10.0.40219.1
Project("{FAE04EC0-301F-11D3-BF4B-00C04F79EFBC}") = "JWTokenGenartion-API", "JWTokenGenartion-API.csproj", "{D7E36169-16A2-4B70-BCD4-CF865FA1ED82}"
EndProject
Project("{FAE04EC0-301F-11D3-BF4B-00C04F79EFBC}") = "BookStore-API", "..\BookStore-API\BookStore-API.csproj", "{6856BCA3-C97F-4A03-B0B5-E2ED56BC249B}"
EndProject
Project("{FAE04EC0-301F-11D3-BF4B-00C04F79EFBC}") = "Common", "..\Common\Common.csproj", "{185C2BC9-0DD2-47B3-8152-44C166E5B28F}"
EndProject
Global
	GlobalSection(SolutionConfigurationPlatforms) = preSolution
		Debug|Any CPU = Debug|Any CPU
		Release|Any CPU = Release|Any CPU
	EndGlobalSection
	GlobalSection(ProjectConfigurationPlatforms) = postSolution
		{D7E36169-16A2-4B70-BCD4-CF865FA1ED82}.Debug|Any CPU.ActiveCfg = Debug|Any CPU
		{D7E36169-16A2-4B70-BCD4-CF865FA1ED82}.Debug|Any CPU.Build.0 = Debug|Any CPU
		{D7E36169-16A2-4B70-BCD4-CF865FA1ED82}.Release|Any CPU.ActiveCfg = Release|Any CPU
		{D7E36169-16A2-4B70-BCD4-CF865FA1ED82}.Release|Any CPU.Build.0 = Release|Any CPU
		{6856BCA3-C97F-4A03-B0B5-E2ED56BC249B}.Debug|Any CPU.ActiveCfg = Debug|Any CPU
		{6856BCA3-C97F-4A03-B0B5-E2ED56BC249B}.Debug|Any CPU.Build.0 = Debug|Any CPU
		{6856BCA3-C97F-4A03-B0B5-E2ED56BC249B}.Release|Any CPU.ActiveCfg = Release|Any CPU
		{6856BCA3-C97F-4A03-B0B5-E2ED56BC249B}.Release|Any CPU.Build.0 = Release|Any CPU
		{185C2BC9-0DD2-47B3-8152-44C166E5B28F}.Debug|Any CPU.ActiveCfg = Debug|Any CPU
		{185C2BC9-0DD2-47B3-8152-44C166E5B28F}.Debug|Any CPU.Build.0 = Debug|Any CPU
		{185C2BC9-0DD2-47B3-8152-44C166E5B28F}.Release|Any CPU.ActiveCfg = Release|Any CPU
		{185C2BC9-0DD2-47B3-8152-44C166E5B28F}.Release|Any CPU.Build.0 = Release|Any CPU
	EndGlobalSection
	GlobalSection(SolutionProperties) = preSolution
		HideSolutionNode = FALSE
	EndGlobalSection
	GlobalSection(ExtensibilityGlobals) = postSolution
		SolutionGuid = {864B94A7-BDE9-4BE8-8378-A6B624000AA1}
	EndGlobalSection
EndGlobal
